
Microsoft Visual Studio Solution File, Format Version 12.00
# Visual Studio Version 17
VisualStudioVersion = 17.8.34525.116
MinimumVisualStudioVersion = 10.0.40219.1
Project("{FAE04EC0-301F-11D3-BF4B-00C04F79EFBC}") = "Ejercicio1", "Ejercicio1\Ejercicio1.csproj", "{6D0E26FC-444E-486E-BC4F-FD36F481B132}"
EndProject
Project("{2150E333-8FDC-42A3-9474-1A3956D46DE8}") = "Docs", "Docs", "{4478DBDE-AB5D-4EA5-A5CB-AF32DBC4E3E0}"
	ProjectSection(SolutionItems) = preProject
		Docs\README.md = Docs\README.md
	EndProjectSection
EndProject
Project("{2150E333-8FDC-42A3-9474-1A3956D46DE8}") = "Script", "Script", "{1E9BD9D2-1E8D-498C-910D-3E11AF68EA5F}"
	ProjectSection(SolutionItems) = preProject
		Script\base.sql = Script\base.sql
		Script\vscodelaunch.bat = Script\vscodelaunch.bat
	EndProjectSection
EndProject
Project("{FAE04EC0-301F-11D3-BF4B-00C04F79EFBC}") = "EjercicioDB", "EjercicioDB\EjercicioDB.csproj", "{1D06B2BB-A0D6-4A93-8850-B729AA7277AC}"
EndProject
Global
	GlobalSection(SolutionConfigurationPlatforms) = preSolution
		Debug|Any CPU = Debug|Any CPU
		Release|Any CPU = Release|Any CPU
	EndGlobalSection
	GlobalSection(ProjectConfigurationPlatforms) = postSolution
		{6D0E26FC-444E-486E-BC4F-FD36F481B132}.Debug|Any CPU.ActiveCfg = Debug|Any CPU
		{6D0E26FC-444E-486E-BC4F-FD36F481B132}.Debug|Any CPU.Build.0 = Debug|Any CPU
		{6D0E26FC-444E-486E-BC4F-FD36F481B132}.Release|Any CPU.ActiveCfg = Release|Any CPU
		{6D0E26FC-444E-486E-BC4F-FD36F481B132}.Release|Any CPU.Build.0 = Release|Any CPU
		{1D06B2BB-A0D6-4A93-8850-B729AA7277AC}.Debug|Any CPU.ActiveCfg = Debug|Any CPU
		{1D06B2BB-A0D6-4A93-8850-B729AA7277AC}.Debug|Any CPU.Build.0 = Debug|Any CPU
		{1D06B2BB-A0D6-4A93-8850-B729AA7277AC}.Release|Any CPU.ActiveCfg = Release|Any CPU
		{1D06B2BB-A0D6-4A93-8850-B729AA7277AC}.Release|Any CPU.Build.0 = Release|Any CPU
	EndGlobalSection
	GlobalSection(SolutionProperties) = preSolution
		HideSolutionNode = FALSE
	EndGlobalSection
	GlobalSection(ExtensibilityGlobals) = postSolution
		SolutionGuid = {967CC690-2760-49BC-8172-96F224697FA2}
	EndGlobalSection
EndGlobal
